{
  "version": "4",
  "specifiers": {
    "jsr:@lambdalisue/ttl-cache@*": "1.0.0",
    "jsr:@oak/commons@1": "1.0.0",
    "jsr:@oak/oak@*": "17.1.4",
    "jsr:@std/assert@0.221": "0.221.0",
    "jsr:@std/assert@1": "1.0.11",
    "jsr:@std/async@0.221": "0.221.0",
    "jsr:@std/bytes@1": "1.0.4",
    "jsr:@std/crypto@1": "1.0.3",
    "jsr:@std/encoding@1": "1.0.6",
    "jsr:@std/encoding@^1.0.5": "1.0.6",
    "jsr:@std/http@1": "1.0.12",
    "jsr:@std/media-types@1": "1.1.0",
    "jsr:@std/path@1": "1.0.8",
    "npm:path-to-regexp@^6.3.0": "6.3.0"
  },
  "jsr": {
    "@lambdalisue/ttl-cache@1.0.0": {
      "integrity": "1f0c57ffdd9d345a3f7a76a8f61c96cbd116fda2617c7d4d7a4c220a7c8dbcaf",
      "dependencies": [
        "jsr:@std/async"
      ]
    },
    "@oak/commons@1.0.0": {
      "integrity": "49805b55603c3627a9d6235c0655aa2b6222d3036b3a13ff0380c16368f607ac",
      "dependencies": [
        "jsr:@std/assert@1",
        "jsr:@std/bytes",
        "jsr:@std/crypto",
        "jsr:@std/encoding@1",
        "jsr:@std/http",
        "jsr:@std/media-types"
      ]
    },
    "@oak/oak@17.1.4": {
      "integrity": "60530b582bf276ff741e39cc664026781aa08dd5f2bc5134d756cc427bf2c13e",
      "dependencies": [
        "jsr:@oak/commons",
        "jsr:@std/assert@1",
        "jsr:@std/bytes",
        "jsr:@std/http",
        "jsr:@std/media-types",
        "jsr:@std/path",
        "npm:path-to-regexp"
      ]
    },
    "@std/assert@0.221.0": {
      "integrity": "a5f1aa6e7909dbea271754fd4ab3f4e687aeff4873b4cef9a320af813adb489a"
    },
    "@std/assert@1.0.11": {
      "integrity": "2461ef3c368fe88bc60e186e7744a93112f16fd110022e113a0849e94d1c83c1"
    },
    "@std/async@0.221.0": {
      "integrity": "f5519861754a1bb2898d227dd8ccb545abc975534aa9063e53911d6cb4e365cf",
      "dependencies": [
        "jsr:@std/assert@0.221"
      ]
    },
    "@std/bytes@1.0.4": {
      "integrity": "11a0debe522707c95c7b7ef89b478c13fb1583a7cfb9a85674cd2cc2e3a28abc"
    },
    "@std/crypto@1.0.3": {
      "integrity": "a2a32f51ddef632d299e3879cd027c630dcd4d1d9a5285d6e6788072f4e51e7f"
    },
    "@std/encoding@1.0.6": {
      "integrity": "ca87122c196e8831737d9547acf001766618e78cd8c33920776c7f5885546069"
    },
    "@std/http@1.0.12": {
      "integrity": "85246d8bfe9c8e2538518725b158bdc31f616e0869255f4a8d9e3de919cab2aa",
      "dependencies": [
        "jsr:@std/encoding@^1.0.5"
      ]
    },
    "@std/media-types@1.1.0": {
      "integrity": "c9d093f0c05c3512932b330e3cc1fe1d627b301db33a4c2c2185c02471d6eaa4"
    },
    "@std/path@1.0.8": {
      "integrity": "548fa456bb6a04d3c1a1e7477986b6cffbce95102d0bb447c67c4ee70e0364be"
    }
  },
  "npm": {
    "path-to-regexp@6.3.0": {
      "integrity": "sha512-Yhpw4T9C6hPpgPeA28us07OJeqZ5EzQTkbfwuhsUg0c237RomFoETJgmp2sa3F/41gfLE6G5cqcYwznmeEeOlQ=="
    }
  },
  "remote": {
    "https://deno.land/x/eta@v3.1.0/src/compile-string.ts": "4f66617fb16ba227fa211cf1dc5f201ff57b2183f74882d6f4d24bde23817e89",
    "https://deno.land/x/eta@v3.1.0/src/compile.ts": "146782227ddd5c423d07dedb2be40a2a5643c7429d9a3af5ac9a79c21bf7ae95",
    "https://deno.land/x/eta@v3.1.0/src/config.ts": "7e2971ba3ec4b31b5f1ae0ea71957f0a2b868285192be77836d65ca27adb4f90",
    "https://deno.land/x/eta@v3.1.0/src/core.ts": "b0f74d80ef0d42f5409297661279a86aec40c42efd0bd4bf31f8ee042d1fc01f",
    "https://deno.land/x/eta@v3.1.0/src/err.ts": "e9732b5f7fe729fed9d67868ff7d87ef1002d45d0a8a4e8f7fb1fa9ec2e2d50b",
    "https://deno.land/x/eta@v3.1.0/src/file-handling.ts": "ac54a84c4e73f47629d69725b8557080caf4e03cf34413b4a2a3f3a10c0abb25",
    "https://deno.land/x/eta@v3.1.0/src/index.ts": "fa1e18db556462293408c7a455b05b5253aae460c97811f88bb023cdc3f95f62",
    "https://deno.land/x/eta@v3.1.0/src/parse.ts": "8cb25b4ccf58ea7f08fe9835f7eb8bf45917d6d743d28d1e25cadc9fc908cb32",
    "https://deno.land/x/eta@v3.1.0/src/render.ts": "bfd57548d5fdae11c1c1683ff748783c1f85be3db3c24fcc80ce915692b004dd",
    "https://deno.land/x/eta@v3.1.0/src/storage.ts": "c40bd31cdd6f1218c86f70067282709e2f2c7fa7eea67547be950e1ed5d4bd4c",
    "https://deno.land/x/eta@v3.1.0/src/utils.ts": "1994c8d228195558fb6785fb00a97cf21a457df598a6ab1945170f7a4b7f00d9",
    "https://raw.githubusercontent.com/devp/project-tak-tourney-adhoc/refs/tags/v0.4.1/src/constants.ts": "df819ce0034c3aefd26e44d0138903892e0027bc7e2cf50c99bc96f2d4848e66",
    "https://raw.githubusercontent.com/devp/project-tak-tourney-adhoc/refs/tags/v0.4.1/src/index.ts": "d2ba7329da90e75f60e216676c851f2121019c49d0c3b7a33b2a00460f14b9e7",
    "https://raw.githubusercontent.com/devp/project-tak-tourney-adhoc/refs/tags/v0.4.1/src/playtak-api/types.guard.ts": "1d39d96faa5b9e08c4a5278983f728b3a89023b050579cf6ac1b54cc64ccd6f7",
    "https://raw.githubusercontent.com/devp/project-tak-tourney-adhoc/refs/tags/v0.4.1/src/playtak-api/types.ts": "e825f6a4273d5a36c696cf0ed5fde2de9e82614143c3e46a1ea3ce1497703002",
    "https://raw.githubusercontent.com/devp/project-tak-tourney-adhoc/refs/tags/v0.4.1/src/tournament-analyzer.ts": "801e5012c507a44a7872be99ea2827421b924ccd2ebee8e9e5166576c181e18b",
    "https://raw.githubusercontent.com/devp/project-tak-tourney-adhoc/refs/tags/v0.4.1/src/tournament-exception-types.ts": "3d47c7fa0b1398919c8d23f3633ca08c774acebdca2a38834b428df11c86aed4",
    "https://raw.githubusercontent.com/devp/project-tak-tourney-adhoc/refs/tags/v0.4.1/src/types.guard.ts": "e1e500e12931befd62fd84f6b309ea8ca221b116e12db16805d936735fd04bdb",
    "https://raw.githubusercontent.com/devp/project-tak-tourney-adhoc/refs/tags/v0.4.1/src/types.ts": "6518720ef5733ee5d37aa4dec155c89c158c6b14635365082f8ae64e9e049247",
    "https://raw.githubusercontent.com/devp/project-tak-tourney-adhoc/refs/tags/v0.4.1/src/utils.ts": "11131693a886d588f19e6991dc9fb71d2ecdf6e975f0cfe3a057ddaf1b0b9b98",
    "https://raw.githubusercontent.com/devp/project-tak-tourney-adhoc/refs/tags/v0.4.2/src/constants.ts": "df819ce0034c3aefd26e44d0138903892e0027bc7e2cf50c99bc96f2d4848e66",
    "https://raw.githubusercontent.com/devp/project-tak-tourney-adhoc/refs/tags/v0.4.2/src/index.ts": "d2ba7329da90e75f60e216676c851f2121019c49d0c3b7a33b2a00460f14b9e7",
    "https://raw.githubusercontent.com/devp/project-tak-tourney-adhoc/refs/tags/v0.4.2/src/playtak-api/types.guard.ts": "1d39d96faa5b9e08c4a5278983f728b3a89023b050579cf6ac1b54cc64ccd6f7",
    "https://raw.githubusercontent.com/devp/project-tak-tourney-adhoc/refs/tags/v0.4.2/src/playtak-api/types.ts": "0ad92630cc079bd1c2de261b09ae973f6b5738b672cabe658de9bc21ffbbe01f",
    "https://raw.githubusercontent.com/devp/project-tak-tourney-adhoc/refs/tags/v0.4.2/src/tournament-analyzer.ts": "801e5012c507a44a7872be99ea2827421b924ccd2ebee8e9e5166576c181e18b",
    "https://raw.githubusercontent.com/devp/project-tak-tourney-adhoc/refs/tags/v0.4.2/src/tournament-exception-types.ts": "3d47c7fa0b1398919c8d23f3633ca08c774acebdca2a38834b428df11c86aed4",
    "https://raw.githubusercontent.com/devp/project-tak-tourney-adhoc/refs/tags/v0.4.2/src/types.guard.ts": "e1e500e12931befd62fd84f6b309ea8ca221b116e12db16805d936735fd04bdb",
    "https://raw.githubusercontent.com/devp/project-tak-tourney-adhoc/refs/tags/v0.4.2/src/types.ts": "6518720ef5733ee5d37aa4dec155c89c158c6b14635365082f8ae64e9e049247",
    "https://raw.githubusercontent.com/devp/project-tak-tourney-adhoc/refs/tags/v0.4.2/src/utils.ts": "11131693a886d588f19e6991dc9fb71d2ecdf6e975f0cfe3a057ddaf1b0b9b98",
    "https://raw.githubusercontent.com/devp/project-tak-tourney-adhoc/refs/tags/v0.4.3/src/constants.ts": "df819ce0034c3aefd26e44d0138903892e0027bc7e2cf50c99bc96f2d4848e66",
    "https://raw.githubusercontent.com/devp/project-tak-tourney-adhoc/refs/tags/v0.4.3/src/index.ts": "d2ba7329da90e75f60e216676c851f2121019c49d0c3b7a33b2a00460f14b9e7",
    "https://raw.githubusercontent.com/devp/project-tak-tourney-adhoc/refs/tags/v0.4.3/src/playtak-api/types.guard.ts": "62a5ecbb52aea309f8992053709921e9bef2f19f7373fb8124299b1f5b6ea36d",
    "https://raw.githubusercontent.com/devp/project-tak-tourney-adhoc/refs/tags/v0.4.3/src/playtak-api/types.ts": "0ad92630cc079bd1c2de261b09ae973f6b5738b672cabe658de9bc21ffbbe01f",
    "https://raw.githubusercontent.com/devp/project-tak-tourney-adhoc/refs/tags/v0.4.3/src/tournament-analyzer.ts": "801e5012c507a44a7872be99ea2827421b924ccd2ebee8e9e5166576c181e18b",
    "https://raw.githubusercontent.com/devp/project-tak-tourney-adhoc/refs/tags/v0.4.3/src/tournament-exception-types.ts": "3d47c7fa0b1398919c8d23f3633ca08c774acebdca2a38834b428df11c86aed4",
    "https://raw.githubusercontent.com/devp/project-tak-tourney-adhoc/refs/tags/v0.4.3/src/types.guard.ts": "e1e500e12931befd62fd84f6b309ea8ca221b116e12db16805d936735fd04bdb",
    "https://raw.githubusercontent.com/devp/project-tak-tourney-adhoc/refs/tags/v0.4.3/src/types.ts": "6518720ef5733ee5d37aa4dec155c89c158c6b14635365082f8ae64e9e049247",
    "https://raw.githubusercontent.com/devp/project-tak-tourney-adhoc/refs/tags/v0.4.3/src/utils.ts": "11131693a886d588f19e6991dc9fb71d2ecdf6e975f0cfe3a057ddaf1b0b9b98"
  },
  "workspace": {
    "dependencies": [
      "jsr:@lambdalisue/ttl-cache@1",
      "jsr:@oak/oak@^17.1.4",
      "jsr:@std/assert@1"
    ]
  }
}
